
Microsoft Visual Studio Solution File, Format Version 11.00
# Visual Studio 2010
Project("{FAE04EC0-301F-11D3-BF4B-00C04F79EFBC}") = "Assembly-CSharp-Editor", "Assembly-CSharp-Editor.csproj", "{3dec2e6c-c44f-38e9-f9a0-4df5a7e22c57}"
EndProject
Project("{FAE04EC0-301F-11D3-BF4B-00C04F79EFBC}") = "Assembly-CSharp", "Assembly-CSharp.csproj", "{a0258ab6-f03f-6ec1-5f3d-c2c3253f750c}"
EndProject
Global
	GlobalSection(SolutionConfigurationPlatforms) = preSolution
		Debug|Any CPU = Debug|Any CPU
	EndGlobalSection
	GlobalSection(ProjectConfigurationPlatforms) = postSolution
		{3dec2e6c-c44f-38e9-f9a0-4df5a7e22c57}.Debug|Any CPU.ActiveCfg = Debug|Any CPU
		{3dec2e6c-c44f-38e9-f9a0-4df5a7e22c57}.Debug|Any CPU.Build.0 = Debug|Any CPU
		{a0258ab6-f03f-6ec1-5f3d-c2c3253f750c}.Debug|Any CPU.ActiveCfg = Debug|Any CPU
		{a0258ab6-f03f-6ec1-5f3d-c2c3253f750c}.Debug|Any CPU.Build.0 = Debug|Any CPU
	EndGlobalSection
	GlobalSection(SolutionProperties) = preSolution
		HideSolutionNode = FALSE
	EndGlobalSection
EndGlobal
